
Microsoft Visual Studio Solution File, Format Version 12.00
# Visual Studio Version 16
VisualStudioVersion = 16.0.32106.194
MinimumVisualStudioVersion = 10.0.40219.1
Project("{FAE04EC0-301F-11D3-BF4B-00C04F79EFBC}") = "MVVM", "MVVM\MVVM.csproj", "{77B083C7-A20F-4C33-BE94-C64C585AAAD9}"
EndProject
Global
	GlobalSection(SolutionConfigurationPlatforms) = preSolution
		Debug|Any CPU = Debug|Any CPU
		Release|Any CPU = Release|Any CPU
	EndGlobalSection
	GlobalSection(ProjectConfigurationPlatforms) = postSolution
		{77B083C7-A20F-4C33-BE94-C64C585AAAD9}.Debug|Any CPU.ActiveCfg = Debug|Any CPU
		{77B083C7-A20F-4C33-BE94-C64C585AAAD9}.Debug|Any CPU.Build.0 = Debug|Any CPU
		{77B083C7-A20F-4C33-BE94-C64C585AAAD9}.Release|Any CPU.ActiveCfg = Release|Any CPU
		{77B083C7-A20F-4C33-BE94-C64C585AAAD9}.Release|Any CPU.Build.0 = Release|Any CPU
	EndGlobalSection
	GlobalSection(SolutionProperties) = preSolution
		HideSolutionNode = FALSE
	EndGlobalSection
	GlobalSection(ExtensibilityGlobals) = postSolution
		SolutionGuid = {CB19BD38-757E-4EA0-AF00-DD1AB534C733}
	EndGlobalSection
EndGlobal
